
Microsoft Visual Studio Solution File, Format Version 12.00
# Visual Studio Version 17
VisualStudioVersion = 17.4.33110.190
MinimumVisualStudioVersion = 10.0.40219.1
Project("{9A19103F-16F7-4668-BE54-9A1E7A4F7556}") = "DirectProblem", "DirectProblem\DirectProblem.csproj", "{15A47756-0D9D-40E0-8A27-E156D6C1D1AF}"
EndProject
Global
	GlobalSection(SolutionConfigurationPlatforms) = preSolution
		Debug|Any CPU = Debug|Any CPU
		Release|Any CPU = Release|Any CPU
	EndGlobalSection
	GlobalSection(ProjectConfigurationPlatforms) = postSolution
		{15A47756-0D9D-40E0-8A27-E156D6C1D1AF}.Debug|Any CPU.ActiveCfg = Debug|Any CPU
		{15A47756-0D9D-40E0-8A27-E156D6C1D1AF}.Debug|Any CPU.Build.0 = Debug|Any CPU
		{15A47756-0D9D-40E0-8A27-E156D6C1D1AF}.Release|Any CPU.ActiveCfg = Release|Any CPU
		{15A47756-0D9D-40E0-8A27-E156D6C1D1AF}.Release|Any CPU.Build.0 = Release|Any CPU
	EndGlobalSection
	GlobalSection(SolutionProperties) = preSolution
		HideSolutionNode = FALSE
	EndGlobalSection
	GlobalSection(ExtensibilityGlobals) = postSolution
		SolutionGuid = {B2B8461C-87DB-4758-B36E-3076F5B3DABF}
	EndGlobalSection
EndGlobal
